
Microsoft Visual Studio Solution File, Format Version 12.00
# Visual Studio Version 17
VisualStudioVersion = 17.14.36221.1 d17.14
MinimumVisualStudioVersion = 10.0.40219.1
Project("{FAE04EC0-301F-11D3-BF4B-00C04F79EFBC}") = "EMS.WASM", "EMS.WASM\EMS.WASM.csproj", "{5E4C78DC-8392-48DB-876E-5019FBDF5CEF}"
EndProject
Project("{FAE04EC0-301F-11D3-BF4B-00C04F79EFBC}") = "EMS.Shared", "EMS.Shared\EMS.Shared.csproj", "{80936B19-AC45-474C-96F8-742600DE3390}"
EndProject
Project("{FAE04EC0-301F-11D3-BF4B-00C04F79EFBC}") = "EMS.API", "EMS.API\EMS.API.csproj", "{AE53D43F-C39C-4974-B839-22E9EF61EDC4}"
EndProject
Global
	GlobalSection(SolutionConfigurationPlatforms) = preSolution
		Debug|Any CPU = Debug|Any CPU
		Release|Any CPU = Release|Any CPU
	EndGlobalSection
	GlobalSection(ProjectConfigurationPlatforms) = postSolution
		{5E4C78DC-8392-48DB-876E-5019FBDF5CEF}.Debug|Any CPU.ActiveCfg = Debug|Any CPU
		{5E4C78DC-8392-48DB-876E-5019FBDF5CEF}.Debug|Any CPU.Build.0 = Debug|Any CPU
		{5E4C78DC-8392-48DB-876E-5019FBDF5CEF}.Release|Any CPU.ActiveCfg = Release|Any CPU
		{5E4C78DC-8392-48DB-876E-5019FBDF5CEF}.Release|Any CPU.Build.0 = Release|Any CPU
		{80936B19-AC45-474C-96F8-742600DE3390}.Debug|Any CPU.ActiveCfg = Debug|Any CPU
		{80936B19-AC45-474C-96F8-742600DE3390}.Debug|Any CPU.Build.0 = Debug|Any CPU
		{80936B19-AC45-474C-96F8-742600DE3390}.Release|Any CPU.ActiveCfg = Release|Any CPU
		{80936B19-AC45-474C-96F8-742600DE3390}.Release|Any CPU.Build.0 = Release|Any CPU
		{AE53D43F-C39C-4974-B839-22E9EF61EDC4}.Debug|Any CPU.ActiveCfg = Debug|Any CPU
		{AE53D43F-C39C-4974-B839-22E9EF61EDC4}.Debug|Any CPU.Build.0 = Debug|Any CPU
		{AE53D43F-C39C-4974-B839-22E9EF61EDC4}.Release|Any CPU.ActiveCfg = Release|Any CPU
		{AE53D43F-C39C-4974-B839-22E9EF61EDC4}.Release|Any CPU.Build.0 = Release|Any CPU
	EndGlobalSection
	GlobalSection(SolutionProperties) = preSolution
		HideSolutionNode = FALSE
	EndGlobalSection
	GlobalSection(ExtensibilityGlobals) = postSolution
		SolutionGuid = {DA62A7B1-D9A1-44FF-94B6-C6F9FFBA6C39}
	EndGlobalSection
EndGlobal
